
Microsoft Visual Studio Solution File, Format Version 12.00
# Visual Studio 15
VisualStudioVersion = 15.0.28010.2036
MinimumVisualStudioVersion = 10.0.40219.1
Project("{888888A0-9F3D-457C-B088-3A5042F75D52}") = "web-scraping", "web-scraping\web-scraping.pyproj", "{665604AC-7CE5-482F-8D8F-8FAA7E67978B}"
EndProject
Global
	GlobalSection(SolutionConfigurationPlatforms) = preSolution
		Debug|Any CPU = Debug|Any CPU
		Release|Any CPU = Release|Any CPU
	EndGlobalSection
	GlobalSection(ProjectConfigurationPlatforms) = postSolution
		{665604AC-7CE5-482F-8D8F-8FAA7E67978B}.Debug|Any CPU.ActiveCfg = Debug|Any CPU
		{665604AC-7CE5-482F-8D8F-8FAA7E67978B}.Release|Any CPU.ActiveCfg = Release|Any CPU
	EndGlobalSection
	GlobalSection(SolutionProperties) = preSolution
		HideSolutionNode = FALSE
	EndGlobalSection
	GlobalSection(ExtensibilityGlobals) = postSolution
		SolutionGuid = {98E39D13-EB8E-4189-BD8A-87909716B4B1}
	EndGlobalSection
EndGlobal
